
Microsoft Visual Studio Solution File, Format Version 12.00
# Visual Studio 15
VisualStudioVersion = 15.0.28307.572
MinimumVisualStudioVersion = 10.0.40219.1
Project("{FAE04EC0-301F-11D3-BF4B-00C04F79EFBC}") = "GetTradeData", "GetTradeData\GetTradeData.csproj", "{6BDDEDE1-39A7-4E18-81BE-D7BC7B2E9550}"
EndProject
Project("{FAE04EC0-301F-11D3-BF4B-00C04F79EFBC}") = "TradeWebApp", "TradeWebApp\TradeWebApp.csproj", "{1F757756-0D9F-40BF-A013-B9FDDC02A36A}"
EndProject
Global
	GlobalSection(SolutionConfigurationPlatforms) = preSolution
		Debug|Any CPU = Debug|Any CPU
		Release|Any CPU = Release|Any CPU
	EndGlobalSection
	GlobalSection(ProjectConfigurationPlatforms) = postSolution
		{6BDDEDE1-39A7-4E18-81BE-D7BC7B2E9550}.Debug|Any CPU.ActiveCfg = Debug|Any CPU
		{6BDDEDE1-39A7-4E18-81BE-D7BC7B2E9550}.Debug|Any CPU.Build.0 = Debug|Any CPU
		{6BDDEDE1-39A7-4E18-81BE-D7BC7B2E9550}.Release|Any CPU.ActiveCfg = Release|Any CPU
		{6BDDEDE1-39A7-4E18-81BE-D7BC7B2E9550}.Release|Any CPU.Build.0 = Release|Any CPU
		{1F757756-0D9F-40BF-A013-B9FDDC02A36A}.Debug|Any CPU.ActiveCfg = Debug|Any CPU
		{1F757756-0D9F-40BF-A013-B9FDDC02A36A}.Debug|Any CPU.Build.0 = Debug|Any CPU
		{1F757756-0D9F-40BF-A013-B9FDDC02A36A}.Release|Any CPU.ActiveCfg = Release|Any CPU
		{1F757756-0D9F-40BF-A013-B9FDDC02A36A}.Release|Any CPU.Build.0 = Release|Any CPU
	EndGlobalSection
	GlobalSection(SolutionProperties) = preSolution
		HideSolutionNode = FALSE
	EndGlobalSection
	GlobalSection(ExtensibilityGlobals) = postSolution
		SolutionGuid = {81FF6539-21BA-4AE4-8B80-E29DB7CC5515}
	EndGlobalSection
EndGlobal
